schema: '2.0'
stages:
  preprocess:
    cmd: preprocess -v -i data/raw/train.csv -o data/processed/data.csv
    deps:
    - path: data/raw/train.csv
      md5: 80ccab65fb115cbad143dbbd2bcd5577
      size: 460676
    outs:
    - path: data/processed/data.csv
      md5: 876a2fc347a41d01c7dbf64aadef2c9e
      size: 490648
  preprocess_test:
    cmd: preprocess -v -i data/raw/test.csv -o data/processed/test.csv
    deps:
    - path: data/raw/test.csv
      md5: dcec4b79bf9c7317bd9e17789bf888f0
      size: 451405
    - path: src/house_prices/preprocess.py
      md5: c99cedc5795a59ddcda7435ce2cc0373
      size: 5532
    outs:
    - path: data/processed/test.csv
      md5: b0c399115aa5e36d33eeb1be5d3dd397
      size: 549226
  preprocess_train:
    cmd: preprocess -v -i data/splitted/train.csv -o data/processed/train.csv
    deps:
    - path: data/splitted/train.csv
      hash: md5
      md5: d66dff7536a6b5f1ca445c44adc0963b
      size: 317122
    - path: src/house_prices/preprocess.py
      md5: c99cedc5795a59ddcda7435ce2cc0373
      size: 5532
    outs:
    - path: data/processed/train.csv
      md5: 48f070665c5c4c00dab27b1d0eb25a11
      size: 372920
  split:
    cmd: split -v -i data/raw/train.csv -t data/splitted/train.csv -e data/splitted/validation.csv
    deps:
    - path: data/raw/train.csv
      md5: 80ccab65fb115cbad143dbbd2bcd5577
      size: 460676
    - path: src/house_prices/split.py
      md5: 5817b630e41e46e450c23f2482d05b00
      size: 3908
    params:
      params.yaml:
        split.random_state: 42
        split.test_size: 0.3
    outs:
    - path: data/splitted/train.csv
      hash: md5
      md5: d66dff7536a6b5f1ca445c44adc0963b
      size: 317122
    - path: data/splitted/validation.csv
      hash: md5
      md5: e49503607091b7359f8afe40c342427c
      size: 136549
  train_lm:
    cmd: train_lm -v -i data/modelling/train.csv -o models/lm.joblib
    deps:
    - path: data/modelling/train.csv
      md5: e648688724b7d1236229794dc173f6cd
      size: 368980
    - path: src/house_prices/modelling/feature_selection.py
      md5: 2c5ec7d88870743bcfb91aa93c6f7922
      size: 1416
    - path: src/house_prices/modelling/train_lm.py
      md5: 7d3fc8c41c5ca95ae8be67c2131c43e0
      size: 3008
    outs:
    - path: models/lm.joblib
      md5: fca329d800b593505fbcf85e1c05b216
      size: 27059
  train_lm_ridge:
    cmd: train_lm_ridge -v -i data/modelling/train.csv -o models/lm_ridge.joblib
    deps:
    - path: data/modelling/train.csv
      md5: e648688724b7d1236229794dc173f6cd
      size: 368980
    - path: src/house_prices/modelling/feature_selection.py
      md5: 2c5ec7d88870743bcfb91aa93c6f7922
      size: 1416
    - path: src/house_prices/modelling/train_lm_ridge.py
      md5: da3278673e8005f72c509b936de3e9d3
      size: 3695
    outs:
    - path: models/lm_ridge.joblib
      md5: 2854bc864c82d38b4b87e91d91dbebb2
      size: 38399
  train_random_forest:
    cmd: train_random_forest -v -i data/modelling/train.csv -o models/random_forest.joblib
    deps:
    - path: data/modelling/train.csv
      md5: e648688724b7d1236229794dc173f6cd
      size: 368980
    - path: src/house_prices/modelling/feature_selection.py
      md5: 2c5ec7d88870743bcfb91aa93c6f7922
      size: 1416
    - path: src/house_prices/modelling/train_random_forest.py
      md5: 9c0345579a71bd85dcf5b1ec90bffdb2
      size: 3804
    outs:
    - path: models/random_forest.joblib
      md5: a31dd658b6b944a7846be21e7e3a772b
      size: 54981375
  random_forest:
    cmd: random_forest -v -i data/processed/train.csv -o models/random_forest.joblib
    deps:
    - path: data/processed/train.csv
      md5: 48f070665c5c4c00dab27b1d0eb25a11
      size: 372920
    - path: src/house_prices/ml/random_forest.py
      md5: d3ecb4397acd244d4ebb74b7bb919542
      size: 3231
    - path: src/house_prices/transformation.py
      hash: md5
      md5: a0957d5113ace0819918d26cad9b3068
      size: 3105
    outs:
    - path: models/random_forest.joblib
      hash: md5
      md5: b214e3057b7e78af961ed7ed35ab7aa8
      size: 16948703
  linear_regression:
    cmd: linear_regression -v -i data/processed/train.csv -o models/linear_regression.joblib
    deps:
    - path: data/processed/train.csv
      md5: 48f070665c5c4c00dab27b1d0eb25a11
      size: 372920
    - path: src/house_prices/ml/linear_regression.py
      md5: 811cd6509d0d95a281482f47861f7c4a
      size: 2600
    - path: src/house_prices/transformation.py
      hash: md5
      md5: a0957d5113ace0819918d26cad9b3068
      size: 3105
    outs:
    - path: models/linear_regression.joblib
      hash: md5
      md5: d75ee1bfe3f5c516513e89de5bec74f3
      size: 32449
  linear_ridge_regression:
    cmd: linear_ridge_regression -v -i data/processed/train.csv -o models/linear_ridge_regression.joblib
    deps:
    - path: data/processed/train.csv
      md5: 48f070665c5c4c00dab27b1d0eb25a11
      size: 372920
    - path: src/house_prices/ml/linear_ridge_regression.py
      md5: 6875c6574ab1c5b5dee335909af7fc7f
      size: 3265
    - path: src/house_prices/transformation.py
      hash: md5
      md5: a0957d5113ace0819918d26cad9b3068
      size: 3105
    outs:
    - path: models/linear_ridge_regression.joblib
      hash: md5
      md5: f405adcbe92ff123d03ff1125af8fae4
      size: 41551
  linear_lasso_regression:
    cmd: linear_lasso_regression -v -i data/modelling/train.csv -o models/linear_lasso_regression.joblib
    deps:
    - path: data/modelling/train.csv
      md5: 0a1b726fbc565b2cee6fbba92258ace4
      size: 364749
    - path: src/house_prices/ml/linear_lasso_regression.py
      md5: 06eee615aed8e27594e8a8db647af4a3
      size: 3159
    - path: src/house_prices/modelling.py
      md5: 647ba20ecc6aee472fa0fc92fbe5c732
      size: 2945
    outs:
    - path: models/linear_lasso_regression.joblib
      md5: 38fb669c2277475cca7e05eb3d267325
      size: 40655
  gradient_boosting:
    cmd: gradient_boosting -v -i data/processed/train.csv -o models/gradient_boosting.joblib
    deps:
    - path: data/processed/train.csv
      md5: 48f070665c5c4c00dab27b1d0eb25a11
      size: 372920
    - path: src/house_prices/ml/gradient_boosting.py
      md5: 45b43398f470f55174327c9602b50a99
      size: 3354
    - path: src/house_prices/transformation.py
      hash: md5
      md5: a0957d5113ace0819918d26cad9b3068
      size: 3105
    outs:
    - path: models/gradient_boosting.joblib
      hash: md5
      md5: a82434e1072a7243de15ac8d4d229355
      size: 2529663
  preprocess_validation:
    cmd: preprocess -v -i data/splitted/validation.csv -o data/processed/validation.csv
    deps:
    - path: data/splitted/validation.csv
      hash: md5
      md5: e49503607091b7359f8afe40c342427c
      size: 136549
    - path: src/house_prices/preprocess.py
      md5: c99cedc5795a59ddcda7435ce2cc0373
      size: 5532
    outs:
    - path: data/processed/validation.csv
      md5: 8c0dcd0f9acb104bdbd38dd630d017d0
      size: 160335
  feed_forward_nn:
    cmd: feed_forward_nn -v -i data/processed/train.csv -o models/feed_forward_nn.joblib
    deps:
    - path: data/processed/train.csv
      hash: md5
      md5: bfc260080db6a4c2d50c51a330646ce2
      size: 372920
    - path: src/house_prices/dl/feed_forward_nn.py
      hash: md5
      md5: 26cccd624d29a026e8c999cb429a8238
      size: 3116
    - path: src/house_prices/transformation.py
      hash: md5
      md5: a0957d5113ace0819918d26cad9b3068
      size: 3105
    outs:
    - path: models/feed_forward_nn.joblib
      hash: md5
      md5: 2335a9e31b260a285cc305a9479eed59
      size: 1377665
