schema: '2.0'
stages:
  preprocess:
    cmd: preprocess -v -i data/raw/train.csv -o data/processed/data.csv
    deps:
    - path: data/raw/train.csv
      md5: 80ccab65fb115cbad143dbbd2bcd5577
      size: 460676
    outs:
    - path: data/processed/data.csv
      md5: 876a2fc347a41d01c7dbf64aadef2c9e
      size: 490648
  preprocess_test:
    cmd: preprocess -v -i data/raw/test.csv -o data/processed/test.csv
    deps:
    - path: data/raw/test.csv
      md5: dcec4b79bf9c7317bd9e17789bf888f0
      size: 451405
    - path: src/house_prices/preprocess.py
      md5: 0c8594255fc209971e72a886df5d7c7f
      size: 5504
    outs:
    - path: data/processed/test.csv
      md5: f9cc83bb8a4e050fa9786cc4f902f44f
      size: 532422
  preprocess_train:
    cmd: preprocess -v -i data/raw/train.csv -o data/processed/train.csv
    deps:
    - path: data/raw/train.csv
      md5: 80ccab65fb115cbad143dbbd2bcd5577
      size: 460676
    - path: src/house_prices/preprocess.py
      md5: 0c8594255fc209971e72a886df5d7c7f
      size: 5504
    outs:
    - path: data/processed/train.csv
      md5: daaac410c0f181860654edd34e728533
      size: 523957
  split:
    cmd: split -v -i data/processed/train.csv -t data/modelling/train.csv -e data/modelling/validation.csv
    deps:
    - path: data/processed/train.csv
      md5: daaac410c0f181860654edd34e728533
      size: 523957
    - path: src/house_prices/split.py
      md5: 5817b630e41e46e450c23f2482d05b00
      size: 3908
    params:
      params.yaml:
        split.random_state: 42
        split.test_size: 0.3
    outs:
    - path: data/modelling/train.csv
      md5: 0ac77746af117527adc1ce25e7c5d55c
      size: 366954
    - path: data/modelling/validation.csv
      md5: 6d5128ac365ba681ae86ac1487fe29c6
      size: 157929
  train_lm:
    cmd: train_lm -v -i data/modelling/train.csv -o models/lm.joblib
    deps:
    - path: data/modelling/train.csv
      md5: e648688724b7d1236229794dc173f6cd
      size: 368980
    - path: src/house_prices/modelling/feature_selection.py
      md5: 2c5ec7d88870743bcfb91aa93c6f7922
      size: 1416
    - path: src/house_prices/modelling/train_lm.py
      md5: 7d3fc8c41c5ca95ae8be67c2131c43e0
      size: 3008
    outs:
    - path: models/lm.joblib
      md5: fca329d800b593505fbcf85e1c05b216
      size: 27059
  train_lm_ridge:
    cmd: train_lm_ridge -v -i data/modelling/train.csv -o models/lm_ridge.joblib
    deps:
    - path: data/modelling/train.csv
      md5: e648688724b7d1236229794dc173f6cd
      size: 368980
    - path: src/house_prices/modelling/feature_selection.py
      md5: 2c5ec7d88870743bcfb91aa93c6f7922
      size: 1416
    - path: src/house_prices/modelling/train_lm_ridge.py
      md5: da3278673e8005f72c509b936de3e9d3
      size: 3695
    outs:
    - path: models/lm_ridge.joblib
      md5: 2854bc864c82d38b4b87e91d91dbebb2
      size: 38399
  train_random_forest:
    cmd: train_random_forest -v -i data/modelling/train.csv -o models/random_forest.joblib
    deps:
    - path: data/modelling/train.csv
      md5: e648688724b7d1236229794dc173f6cd
      size: 368980
    - path: src/house_prices/modelling/feature_selection.py
      md5: 2c5ec7d88870743bcfb91aa93c6f7922
      size: 1416
    - path: src/house_prices/modelling/train_random_forest.py
      md5: 9c0345579a71bd85dcf5b1ec90bffdb2
      size: 3804
    outs:
    - path: models/random_forest.joblib
      md5: a31dd658b6b944a7846be21e7e3a772b
      size: 54981375
  random_forest:
    cmd: random_forest -v -i data/modelling/train.csv -o models/random_forest.joblib
    deps:
    - path: data/modelling/train.csv
      md5: 0ac77746af117527adc1ce25e7c5d55c
      size: 366954
    - path: src/house_prices/ml/random_forest.py
      md5: 51bd8e6d216b61b5f7ca57209259e96b
      size: 3226
    - path: src/house_prices/modelling.py
      md5: fe761c3bf0d2e2c73d33c321f2df629a
      size: 3149
    outs:
    - path: models/random_forest.joblib
      md5: 88b32a9b8f8d534cdb59c2f24ebe3772
      size: 14866127
  linear_regression:
    cmd: linear_regression -v -i data/modelling/train.csv -o models/linear_regression.joblib
    deps:
    - path: data/modelling/train.csv
      md5: 0ac77746af117527adc1ce25e7c5d55c
      size: 366954
    - path: src/house_prices/ml/linear_regression.py
      md5: 03d8acf14745662861b54ba28b52e8dc
      size: 2595
    - path: src/house_prices/modelling.py
      md5: fe761c3bf0d2e2c73d33c321f2df629a
      size: 3149
    outs:
    - path: models/linear_regression.joblib
      md5: f04ef62af168b00605ca4e5ff18c62af
      size: 32281
  linear_ridge_regression:
    cmd: linear_ridge_regression -v -i data/modelling/train.csv -o models/linear_ridge_regression.joblib
    deps:
    - path: data/modelling/train.csv
      md5: 0ac77746af117527adc1ce25e7c5d55c
      size: 366954
    - path: src/house_prices/ml/linear_ridge_regression.py
      md5: 6773f36e8d40f4ee13d847685d0dc696
      size: 3260
    - path: src/house_prices/modelling.py
      md5: fe761c3bf0d2e2c73d33c321f2df629a
      size: 3149
    outs:
    - path: models/linear_ridge_regression.joblib
      md5: b5534b1dce489e1a2ad9b559f3153ce2
      size: 40575
  linear_lasso_regression:
    cmd: linear_lasso_regression -v -i data/modelling/train.csv -o models/linear_lasso_regression.joblib
    deps:
    - path: data/modelling/train.csv
      md5: 0a1b726fbc565b2cee6fbba92258ace4
      size: 364749
    - path: src/house_prices/ml/linear_lasso_regression.py
      md5: 06eee615aed8e27594e8a8db647af4a3
      size: 3159
    - path: src/house_prices/modelling.py
      md5: 647ba20ecc6aee472fa0fc92fbe5c732
      size: 2945
    outs:
    - path: models/linear_lasso_regression.joblib
      md5: 38fb669c2277475cca7e05eb3d267325
      size: 40655
  gradient_boosting:
    cmd: gradient_boosting -v -i data/modelling/train.csv -o models/gradient_boosting.joblib
    deps:
    - path: data/modelling/train.csv
      md5: 0ac77746af117527adc1ce25e7c5d55c
      size: 366954
    - path: src/house_prices/ml/gradient_boosting.py
      md5: 48459914dc302fe61fc1214406c5c2a7
      size: 3348
    - path: src/house_prices/modelling.py
      md5: fe761c3bf0d2e2c73d33c321f2df629a
      size: 3149
    outs:
    - path: models/gradient_boosting.joblib
      md5: fc0da66ec78cae02330ad6483697ec2c
      size: 1025647
